
Microsoft Visual Studio Solution File, Format Version 12.00
# Visual Studio Version 16
VisualStudioVersion = 25.0.1705.7
MinimumVisualStudioVersion = 10.0.40219.1
Project("{FAE04EC0-301F-11D3-BF4B-00C04F79EFBC}") = "MessageBoxViaPinvoke", "MessageBoxViaPinvoke\MessageBoxViaPinvoke.csproj", "{7BFB99C2-D97A-4DD3-85C7-416E7F65E0F1}"
EndProject
Global
	GlobalSection(SolutionConfigurationPlatforms) = preSolution
		Debug|Any CPU = Debug|Any CPU
		Release|Any CPU = Release|Any CPU
	EndGlobalSection
	GlobalSection(ProjectConfigurationPlatforms) = postSolution
		{7BFB99C2-D97A-4DD3-85C7-416E7F65E0F1}.Debug|Any CPU.ActiveCfg = Debug|Any CPU
		{7BFB99C2-D97A-4DD3-85C7-416E7F65E0F1}.Debug|Any CPU.Build.0 = Debug|Any CPU
		{7BFB99C2-D97A-4DD3-85C7-416E7F65E0F1}.Release|Any CPU.ActiveCfg = Release|Any CPU
		{7BFB99C2-D97A-4DD3-85C7-416E7F65E0F1}.Release|Any CPU.Build.0 = Release|Any CPU
	EndGlobalSection
	GlobalSection(SolutionProperties) = preSolution
		HideSolutionNode = FALSE
	EndGlobalSection
	GlobalSection(ExtensibilityGlobals) = postSolution
		SolutionGuid = {EB822244-E496-4687-A253-4955613A2109}
	EndGlobalSection
EndGlobal
