
Microsoft Visual Studio Solution File, Format Version 12.00
# Visual Studio Version 16
VisualStudioVersion = 25.0.1705.7
MinimumVisualStudioVersion = 10.0.40219.1
Project("{FAE04EC0-301F-11D3-BF4B-00C04F79EFBC}") = "CreteRemoteThread", "CreteRemoteThread\CreteRemoteThread.csproj", "{38A7BE55-D1DD-4C91-9748-163CAFE07328}"
EndProject
Global
	GlobalSection(SolutionConfigurationPlatforms) = preSolution
		Debug|Any CPU = Debug|Any CPU
		Release|Any CPU = Release|Any CPU
	EndGlobalSection
	GlobalSection(ProjectConfigurationPlatforms) = postSolution
		{38A7BE55-D1DD-4C91-9748-163CAFE07328}.Debug|Any CPU.ActiveCfg = Debug|Any CPU
		{38A7BE55-D1DD-4C91-9748-163CAFE07328}.Debug|Any CPU.Build.0 = Debug|Any CPU
		{38A7BE55-D1DD-4C91-9748-163CAFE07328}.Release|Any CPU.ActiveCfg = Release|Any CPU
		{38A7BE55-D1DD-4C91-9748-163CAFE07328}.Release|Any CPU.Build.0 = Release|Any CPU
	EndGlobalSection
	GlobalSection(SolutionProperties) = preSolution
		HideSolutionNode = FALSE
	EndGlobalSection
	GlobalSection(ExtensibilityGlobals) = postSolution
		SolutionGuid = {8352CE12-AE4F-44EF-B386-78E512FED1A2}
	EndGlobalSection
EndGlobal
