
Microsoft Visual Studio Solution File, Format Version 12.00
# Visual Studio Version 16
VisualStudioVersion = 25.0.1705.7
MinimumVisualStudioVersion = 10.0.40219.1
Project("{FAE04EC0-301F-11D3-BF4B-00C04F79EFBC}") = "Dinvoke_Ordinal", "Dinvoke_Ordinal\Dinvoke_Ordinal.csproj", "{88C487CA-AAFC-4B2C-B785-006AB2BFF215}"
EndProject
Global
	GlobalSection(SolutionConfigurationPlatforms) = preSolution
		Debug|Any CPU = Debug|Any CPU
		Release|Any CPU = Release|Any CPU
	EndGlobalSection
	GlobalSection(ProjectConfigurationPlatforms) = postSolution
		{88C487CA-AAFC-4B2C-B785-006AB2BFF215}.Debug|Any CPU.ActiveCfg = Debug|Any CPU
		{88C487CA-AAFC-4B2C-B785-006AB2BFF215}.Debug|Any CPU.Build.0 = Debug|Any CPU
		{88C487CA-AAFC-4B2C-B785-006AB2BFF215}.Release|Any CPU.ActiveCfg = Release|Any CPU
		{88C487CA-AAFC-4B2C-B785-006AB2BFF215}.Release|Any CPU.Build.0 = Release|Any CPU
	EndGlobalSection
	GlobalSection(SolutionProperties) = preSolution
		HideSolutionNode = FALSE
	EndGlobalSection
	GlobalSection(ExtensibilityGlobals) = postSolution
		SolutionGuid = {37BB4858-F582-4084-BA17-7C75DF424A64}
	EndGlobalSection
EndGlobal
