
Microsoft Visual Studio Solution File, Format Version 12.00
# Visual Studio Version 16
VisualStudioVersion = 25.0.1705.7
MinimumVisualStudioVersion = 10.0.40219.1
Project("{FAE04EC0-301F-11D3-BF4B-00C04F79EFBC}") = "Base_Dinvoke", "Base_Dinvoke\Base_Dinvoke.csproj", "{A5F1AAF8-0350-4814-80D8-9A841E8CFABE}"
EndProject
Global
	GlobalSection(SolutionConfigurationPlatforms) = preSolution
		Debug|Any CPU = Debug|Any CPU
		Release|Any CPU = Release|Any CPU
	EndGlobalSection
	GlobalSection(ProjectConfigurationPlatforms) = postSolution
		{A5F1AAF8-0350-4814-80D8-9A841E8CFABE}.Debug|Any CPU.ActiveCfg = Debug|Any CPU
		{A5F1AAF8-0350-4814-80D8-9A841E8CFABE}.Debug|Any CPU.Build.0 = Debug|Any CPU
		{A5F1AAF8-0350-4814-80D8-9A841E8CFABE}.Release|Any CPU.ActiveCfg = Release|Any CPU
		{A5F1AAF8-0350-4814-80D8-9A841E8CFABE}.Release|Any CPU.Build.0 = Release|Any CPU
	EndGlobalSection
	GlobalSection(SolutionProperties) = preSolution
		HideSolutionNode = FALSE
	EndGlobalSection
	GlobalSection(ExtensibilityGlobals) = postSolution
		SolutionGuid = {4456878E-B037-4AF4-B302-BBCB0FF641E6}
	EndGlobalSection
EndGlobal
